
Microsoft Visual Studio Solution File, Format Version 12.00
# Visual Studio Version 17
VisualStudioVersion = 17.7.34031.279
MinimumVisualStudioVersion = 10.0.40219.1
Project("{8BC9CEB8-8B4A-11D0-8D11-00A0C91BC942}") = "GameServer", "GameServer\GameServer.vcxproj", "{F7ADB1FE-8407-420F-8944-3FD0F077D1B2}"
EndProject
Project("{8BC9CEB8-8B4A-11D0-8D11-00A0C91BC942}") = "DummyClient", "DummyClient\DummyClient.vcxproj", "{FD6F6241-F846-49D6-BF42-011021679603}"
EndProject
Project("{8BC9CEB8-8B4A-11D0-8D11-00A0C91BC942}") = "ServerCore", "ServerCore\ServerCore.vcxproj", "{18F576D1-817C-4E14-BD82-00768745A16D}"
EndProject
Global
	GlobalSection(SolutionConfigurationPlatforms) = preSolution
		Debug|x64 = Debug|x64
		Debug|x86 = Debug|x86
		Release|x64 = Release|x64
		Release|x86 = Release|x86
	EndGlobalSection
	GlobalSection(ProjectConfigurationPlatforms) = postSolution
		{F7ADB1FE-8407-420F-8944-3FD0F077D1B2}.Debug|x64.ActiveCfg = Debug|x64
		{F7ADB1FE-8407-420F-8944-3FD0F077D1B2}.Debug|x64.Build.0 = Debug|x64
		{F7ADB1FE-8407-420F-8944-3FD0F077D1B2}.Debug|x86.ActiveCfg = Debug|Win32
		{F7ADB1FE-8407-420F-8944-3FD0F077D1B2}.Debug|x86.Build.0 = Debug|Win32
		{F7ADB1FE-8407-420F-8944-3FD0F077D1B2}.Release|x64.ActiveCfg = Release|x64
		{F7ADB1FE-8407-420F-8944-3FD0F077D1B2}.Release|x64.Build.0 = Release|x64
		{F7ADB1FE-8407-420F-8944-3FD0F077D1B2}.Release|x86.ActiveCfg = Release|Win32
		{F7ADB1FE-8407-420F-8944-3FD0F077D1B2}.Release|x86.Build.0 = Release|Win32
		{FD6F6241-F846-49D6-BF42-011021679603}.Debug|x64.ActiveCfg = Debug|x64
		{FD6F6241-F846-49D6-BF42-011021679603}.Debug|x64.Build.0 = Debug|x64
		{FD6F6241-F846-49D6-BF42-011021679603}.Debug|x86.ActiveCfg = Debug|Win32
		{FD6F6241-F846-49D6-BF42-011021679603}.Debug|x86.Build.0 = Debug|Win32
		{FD6F6241-F846-49D6-BF42-011021679603}.Release|x64.ActiveCfg = Release|x64
		{FD6F6241-F846-49D6-BF42-011021679603}.Release|x64.Build.0 = Release|x64
		{FD6F6241-F846-49D6-BF42-011021679603}.Release|x86.ActiveCfg = Release|Win32
		{FD6F6241-F846-49D6-BF42-011021679603}.Release|x86.Build.0 = Release|Win32
		{18F576D1-817C-4E14-BD82-00768745A16D}.Debug|x64.ActiveCfg = Debug|x64
		{18F576D1-817C-4E14-BD82-00768745A16D}.Debug|x64.Build.0 = Debug|x64
		{18F576D1-817C-4E14-BD82-00768745A16D}.Debug|x86.ActiveCfg = Debug|Win32
		{18F576D1-817C-4E14-BD82-00768745A16D}.Debug|x86.Build.0 = Debug|Win32
		{18F576D1-817C-4E14-BD82-00768745A16D}.Release|x64.ActiveCfg = Release|x64
		{18F576D1-817C-4E14-BD82-00768745A16D}.Release|x64.Build.0 = Release|x64
		{18F576D1-817C-4E14-BD82-00768745A16D}.Release|x86.ActiveCfg = Release|Win32
		{18F576D1-817C-4E14-BD82-00768745A16D}.Release|x86.Build.0 = Release|Win32
	EndGlobalSection
	GlobalSection(SolutionProperties) = preSolution
		HideSolutionNode = FALSE
	EndGlobalSection
	GlobalSection(ExtensibilityGlobals) = postSolution
		SolutionGuid = {11831C68-164A-4019-BCB6-7E4537C009B5}
	EndGlobalSection
EndGlobal
